
Microsoft Visual Studio Solution File, Format Version 12.00
# Visual Studio Version 17
VisualStudioVersion = 17.5.33424.131
MinimumVisualStudioVersion = 10.0.40219.1
Project("{FAE04EC0-301F-11D3-BF4B-00C04F79EFBC}") = "UME", "UME\UME.csproj", "{01B0120E-ED01-4E2C-9F37-3BC84FD366B8}"
EndProject
Global
	GlobalSection(SolutionConfigurationPlatforms) = preSolution
		Debug|Any CPU = Debug|Any CPU
		Release|Any CPU = Release|Any CPU
	EndGlobalSection
	GlobalSection(ProjectConfigurationPlatforms) = postSolution
		{01B0120E-ED01-4E2C-9F37-3BC84FD366B8}.Debug|Any CPU.ActiveCfg = Debug|Any CPU
		{01B0120E-ED01-4E2C-9F37-3BC84FD366B8}.Debug|Any CPU.Build.0 = Debug|Any CPU
		{01B0120E-ED01-4E2C-9F37-3BC84FD366B8}.Release|Any CPU.ActiveCfg = Release|Any CPU
		{01B0120E-ED01-4E2C-9F37-3BC84FD366B8}.Release|Any CPU.Build.0 = Release|Any CPU
	EndGlobalSection
	GlobalSection(SolutionProperties) = preSolution
		HideSolutionNode = FALSE
	EndGlobalSection
	GlobalSection(ExtensibilityGlobals) = postSolution
		SolutionGuid = {3501B17E-9446-4EED-855A-F303C270D8AC}
	EndGlobalSection
EndGlobal
